
Microsoft Visual Studio Solution File, Format Version 12.00
# Visual Studio Version 16
VisualStudioVersion = 16.0.31515.178
MinimumVisualStudioVersion = 10.0.40219.1
Project("{FAE04EC0-301F-11D3-BF4B-00C04F79EFBC}") = "News.Domain", "ORM\News.Domain.csproj", "{5FCBFF2F-341E-4B74-9280-558F383D8DEE}"
EndProject
Project("{9A19103F-16F7-4668-BE54-9A1E7A4F7556}") = "GenericRepositoryPattern", "GenericRepositoryPattern\GenericRepositoryPattern.csproj", "{EC736EF6-D50F-497E-BFAD-37D74B4C4207}"
EndProject
Project("{FAE04EC0-301F-11D3-BF4B-00C04F79EFBC}") = "News.CodeFirst", "News.CodeFirst\News.CodeFirst.csproj", "{6AF520EF-6D84-4C81-870F-B9ED4FCEA976}"
EndProject
Global
	GlobalSection(SolutionConfigurationPlatforms) = preSolution
		Debug|Any CPU = Debug|Any CPU
		Release|Any CPU = Release|Any CPU
	EndGlobalSection
	GlobalSection(ProjectConfigurationPlatforms) = postSolution
		{5FCBFF2F-341E-4B74-9280-558F383D8DEE}.Debug|Any CPU.ActiveCfg = Debug|Any CPU
		{5FCBFF2F-341E-4B74-9280-558F383D8DEE}.Debug|Any CPU.Build.0 = Debug|Any CPU
		{5FCBFF2F-341E-4B74-9280-558F383D8DEE}.Release|Any CPU.ActiveCfg = Release|Any CPU
		{5FCBFF2F-341E-4B74-9280-558F383D8DEE}.Release|Any CPU.Build.0 = Release|Any CPU
		{EC736EF6-D50F-497E-BFAD-37D74B4C4207}.Debug|Any CPU.ActiveCfg = Debug|Any CPU
		{EC736EF6-D50F-497E-BFAD-37D74B4C4207}.Debug|Any CPU.Build.0 = Debug|Any CPU
		{EC736EF6-D50F-497E-BFAD-37D74B4C4207}.Release|Any CPU.ActiveCfg = Release|Any CPU
		{EC736EF6-D50F-497E-BFAD-37D74B4C4207}.Release|Any CPU.Build.0 = Release|Any CPU
		{6AF520EF-6D84-4C81-870F-B9ED4FCEA976}.Debug|Any CPU.ActiveCfg = Debug|Any CPU
		{6AF520EF-6D84-4C81-870F-B9ED4FCEA976}.Debug|Any CPU.Build.0 = Debug|Any CPU
		{6AF520EF-6D84-4C81-870F-B9ED4FCEA976}.Release|Any CPU.ActiveCfg = Release|Any CPU
		{6AF520EF-6D84-4C81-870F-B9ED4FCEA976}.Release|Any CPU.Build.0 = Release|Any CPU
	EndGlobalSection
	GlobalSection(SolutionProperties) = preSolution
		HideSolutionNode = FALSE
	EndGlobalSection
	GlobalSection(ExtensibilityGlobals) = postSolution
		SolutionGuid = {EBC0455B-3FA7-4D22-8A16-9E8D2F22A1C4}
	EndGlobalSection
EndGlobal
